# This file is automatically @generated by Poetry 1.6.1 and should not be changed by hand.

[[package]]
name = "daqp"
version = "0.5.1"
description = "DAQP: A dual active-set QP solver"
optional = false
python-versions = "*"
files = [
    {file = "daqp-0.5.1-cp310-cp310-macosx_10_9_x86_64.whl", hash = "sha256:8d87332fd5070e5aabaa8a01c82794164dc0c7f7a6d14074a0e604405a8bd721"},
    {file = "daqp-0.5.1-cp310-cp310-macosx_11_0_arm64.whl", hash = "sha256:a3057bfc135443a45753b486ff1f848ca19500e256b9220d1909efc1e7342cf1"},
    {file = "daqp-0.5.1-cp310-cp310-manylinux_2_17_aarch64.manylinux2014_aarch64.whl", hash = "sha256:39a916c16ce319bfd1f8ec65b3035791dec5ef5b3811f29fd289d7f74e54d9dc"},
    {file = "daqp-0.5.1-cp310-cp310-manylinux_2_17_x86_64.manylinux2014_x86_64.whl", hash = "sha256:ba834df92763daf06fcbdf064e06604576c78e3145cff15973305a87b0fdac39"},
    {file = "daqp-0.5.1-cp310-cp310-musllinux_1_1_aarch64.whl", hash = "sha256:37fb85ef75714c39e7640fe474ea955fe9d7031b6dd750d3fd0a19bdf23046e5"},
    {file = "daqp-0.5.1-cp310-cp310-win32.whl", hash = "sha256:23466decbcd30ec98f55190ba1b53df28ef3117f7a4c57af77a2da9ea7c14f9c"},
    {file = "daqp-0.5.1-cp310-cp310-win_amd64.whl", hash = "sha256:d3990a773cfd6f7f3e78a4455e99aa51f564af01dd948072fd830d621a23f772"},
    {file = "daqp-0.5.1-cp311-cp311-macosx_10_9_x86_64.whl", hash = "sha256:2f48544e6a104422c46f7705673dbe9aebaec61681a00f84cc96120ad5f21bfb"},
    {file = "daqp-0.5.1-cp311-cp311-macosx_11_0_arm64.whl", hash = "sha256:c9ee8497e96c1d484e881420ecb4fd1ca57fca05b113b6b6111521fb4f27ad7b"},
    {file = "daqp-0.5.1-cp311-cp311-manylinux_2_17_aarch64.manylinux2014_aarch64.whl", hash = "sha256:4fcc4ac505181775e1ecdad7189869c69274f025b275491aa30bbb684fd6eeaf"},
    {file = "daqp-0.5.1-cp311-cp311-manylinux_2_17_x86_64.manylinux2014_x86_64.whl", hash = "sha256:516ce9099870ff94d59bab4ae8783a6dd4b65c13ba33eb11659d15c9ecb3f94c"},
    {file = "daqp-0.5.1-cp311-cp311-musllinux_1_1_aarch64.whl", hash = "sha256:e719643127ebeef4471ac7f9302b3284649a9a701316e3a3bfe1bf3e953090bd"},
    {file = "daqp-0.5.1-cp311-cp311-win32.whl", hash = "sha256:849b1a750b368c3b90a227bba096640cd1e47bd71f9f1679cf6679cab54327a9"},
    {file = "daqp-0.5.1-cp311-cp311-win_amd64.whl", hash = "sha256:b94ead506cd2a3d83ac4ed6659d3bc3d7ffdd6f7ae05bed8dfe9131ac2a3efd9"},
    {file = "daqp-0.5.1-cp36-cp36m-macosx_10_9_x86_64.whl", hash = "sha256:103aaa38ff9891ba0f5abc1b0a7bcd3c946c0f8580e95bf6c598712683396279"},
    {file = "daqp-0.5.1-cp36-cp36m-manylinux_2_17_aarch64.manylinux2014_aarch64.whl", hash = "sha256:20830dfe1156e36b038df581ab5ed6569b2a1bcc6d8c5fa7c69fbe11249e08b9"},
    {file = "daqp-0.5.1-cp36-cp36m-manylinux_2_17_x86_64.manylinux2014_x86_64.whl", hash = "sha256:1e885504efd7cc68da32d8c45f425fe1da288d5adafd7d463463f890d7b4281b"},
    {file = "daqp-0.5.1-cp36-cp36m-musllinux_1_1_aarch64.whl", hash = "sha256:4ba412d4c5ecb4a9c64cc2af02879a0b35f871a467c66cede23279e03aa95996"},
    {file = "daqp-0.5.1-cp36-cp36m-win32.whl", hash = "sha256:c06a36803446a9533f105f9d4c37770db9858d1d07be16ef12e55b51adfb2bc2"},
    {file = "daqp-0.5.1-cp36-cp36m-win_amd64.whl", hash = "sha256:6952814636e0bf7fde0d9423a814a5e931a9bffa425f9b93425c09899a8f6028"},
    {file = "daqp-0.5.1-cp37-cp37m-macosx_10_9_x86_64.whl", hash = "sha256:08ddf23c88bd084715b27810b1f9596087ead99d407ca0fb50e727aa0f73b4f1"},
    {file = "daqp-0.5.1-cp37-cp37m-manylinux_2_17_aarch64.manylinux2014_aarch64.whl", hash = "sha256:2ba28dd9210f76309a420249a1ccc13a43eb9704195c0397a3ce452127fe86b0"},
    {file = "daqp-0.5.1-cp37-cp37m-manylinux_2_17_x86_64.manylinux2014_x86_64.whl", hash = "sha256:e69317767ff00be4cd8b85d0c1c1a85c8c54a51c8f461ed41c29149b8f6258f7"},
    {file = "daqp-0.5.1-cp37-cp37m-musllinux_1_1_aarch64.whl", hash = "sha256:ced493250c5318a31fbbc902cd5c4ec1c14f946e2ae4bbda467560d9f42ee4e8"},
    {file = "daqp-0.5.1-cp37-cp37m-win32.whl", hash = "sha256:c5df4ca99abed6ccbdb33c948f1391be44177d81939a65c0db90fd59eeb34864"},
    {file = "daqp-0.5.1-cp37-cp37m-win_amd64.whl", hash = "sha256:22598716279521b3ec02c91870d1d2c47271f887a1f67535aa7b7e08e5209ebc"},
    {file = "daqp-0.5.1-cp38-cp38-macosx_10_9_x86_64.whl", hash = "sha256:498adb411b4de461e0639d9175b82f6a5b5ca8784a225f6a555c05ab7b031c33"},
    {file = "daqp-0.5.1-cp38-cp38-macosx_11_0_arm64.whl", hash = "sha256:6174b2688a022d0c63039de2438bb0001d73dda296d1a3759f7543b4638577bb"},
    {file = "daqp-0.5.1-cp38-cp38-manylinux_2_17_aarch64.manylinux2014_aarch64.whl", hash = "sha256:e7bc6d4c8fa4860e48017caa70b3400b0e739e49cbd7fecf0dfcb837c765a09a"},
    {file = "daqp-0.5.1-cp38-cp38-manylinux_2_17_x86_64.manylinux2014_x86_64.whl", hash = "sha256:264190a574b9e664af5fe94dee7d29b15e251a178445ba09fbf088d62aa7ff64"},
    {file = "daqp-0.5.1-cp38-cp38-musllinux_1_1_aarch64.whl", hash = "sha256:77aba59fdb07486d8857f2ffec02917575a92258dc2f0eeb0458cabe0bd8079b"},
    {file = "daqp-0.5.1-cp38-cp38-win32.whl", hash = "sha256:54d5b4a1e36d383bcc932dde4e7043d78927b6166224b6db3ef9e4a212f989d7"},
    {file = "daqp-0.5.1-cp38-cp38-win_amd64.whl", hash = "sha256:dec6ed4fae5f6c6c5765e2e93e99e82cfbb3198f9d22232800329e83a2fa4c89"},
    {file = "daqp-0.5.1-cp39-cp39-macosx_10_9_x86_64.whl", hash = "sha256:b99883a969eaaf6340afe77d0ad1b64009bf5294872a2a70d77adfc5d0760669"},
    {file = "daqp-0.5.1-cp39-cp39-macosx_11_0_arm64.whl", hash = "sha256:8248252799d34d920801de576e1ec0e8c517e6c77189938984990cfb40c1e968"},
    {file = "daqp-0.5.1-cp39-cp39-manylinux_2_17_aarch64.manylinux2014_aarch64.whl", hash = "sha256:99d975c96b0d5fec3f3b0ae9e71f145de1f817d4fa62cb7a249ddd4da8d174ac"},
    {file = "daqp-0.5.1-cp39-cp39-manylinux_2_17_x86_64.manylinux2014_x86_64.whl", hash = "sha256:ab6196de4ba3b033203facb1a84096482ae4002e02dbecb74852ca62521342ca"},
    {file = "daqp-0.5.1-cp39-cp39-musllinux_1_1_aarch64.whl", hash = "sha256:ddec3917e3790ae3f225f89e508919d98ffc6a2f67959b30a3cb48a20bc9efd5"},
    {file = "daqp-0.5.1-cp39-cp39-win32.whl", hash = "sha256:98bb94f2cdf0c248cdec643da57621ed4aa67ca898115eed72a37c7bae7b333e"},
    {file = "daqp-0.5.1-cp39-cp39-win_amd64.whl", hash = "sha256:e829128b9c00ac00ca43cdf5f784f83dcda96f0e1e5fd2cf44f56f5fe46e8da8"},
    {file = "daqp-0.5.1-pp37-pypy37_pp73-macosx_10_9_x86_64.whl", hash = "sha256:1d5d2ec2f3e1b7634aa555885de085f28624b5d5014a66dfb41459b0fe9d92f0"},
    {file = "daqp-0.5.1-pp37-pypy37_pp73-manylinux_2_17_aarch64.manylinux2014_aarch64.whl", hash = "sha256:d63388ddb7f6e91044c528e8fb97caff0bc8396748ffddbb7976576db45947ce"},
    {file = "daqp-0.5.1-pp37-pypy37_pp73-manylinux_2_17_x86_64.manylinux2014_x86_64.whl", hash = "sha256:434a621bc8beea76391dc0c20fc7accb90e0ad8afe093eaf5ee72954cf9faa36"},
    {file = "daqp-0.5.1-pp37-pypy37_pp73-win_amd64.whl", hash = "sha256:6c99e71e3bc462e5e9d6b8f4ee7e29419d7d0cdc25b8a26186feb4ae9e336c4e"},
    {file = "daqp-0.5.1-pp38-pypy38_pp73-macosx_10_9_x86_64.whl", hash = "sha256:832c0de68f22e611809d01d4aef8df930b29bbae5d1b24bb993e0eb115dce03d"},
    {file = "daqp-0.5.1-pp38-pypy38_pp73-manylinux_2_17_aarch64.manylinux2014_aarch64.whl", hash = "sha256:a424bda5a639595f23a297345ff26aa751e5426ccb1dfd956a1d05e15059d35c"},
    {file = "daqp-0.5.1-pp38-pypy38_pp73-manylinux_2_17_x86_64.manylinux2014_x86_64.whl", hash = "sha256:31afc84f919ba236cd1da48666214aabc2467049a2e43f6d1a00df3135eed5b4"},
    {file = "daqp-0.5.1-pp38-pypy38_pp73-win_amd64.whl", hash = "sha256:0465a52bff5a05b1dcd5a80b04474cae1f198da33f7803312b61a76bb53108eb"},
    {file = "daqp-0.5.1-pp39-pypy39_pp73-macosx_10_9_x86_64.whl", hash = "sha256:de141632ad47c7830ba6c95e6c456dab41acfabe46fec54880869708ed5e31f0"},
    {file = "daqp-0.5.1-pp39-pypy39_pp73-manylinux_2_17_aarch64.manylinux2014_aarch64.whl", hash = "sha256:13f8f48e3b3568f8f5501c1bd717d7ac9449279ae8429266b2cbec8f5dfe9459"},
    {file = "daqp-0.5.1-pp39-pypy39_pp73-manylinux_2_17_x86_64.manylinux2014_x86_64.whl", hash = "sha256:c3ed4b00d6d67ff9eebed4c0e32af0a5e06971a11a8301348af8ca448286e197"},
    {file = "daqp-0.5.1-pp39-pypy39_pp73-win_amd64.whl", hash = "sha256:4a546e0202469a07bca9748514cd68ca6790ca11aef104ed883e0698ec1be2e7"},
    {file = "daqp-0.5.1.tar.gz", hash = "sha256:2e81a0bfa2f6e36e53c6fcc55d962c5b7f61d93a97909f6350c1fe26ce37af58"},
]

[[package]]
name = "ecos"
version = "2.0.12"
description = "This is the Python package for ECOS: Embedded Cone Solver. See Github page for more information."
optional = false
python-versions = "*"
files = [
    {file = "ecos-2.0.12-cp310-cp310-macosx_10_9_x86_64.whl", hash = "sha256:835298a299c88c207b3402fba60ad9b5688b59bbbf2ac34a46de5b37165d773a"},
    {file = "ecos-2.0.12-cp310-cp310-manylinux_2_17_x86_64.manylinux2014_x86_64.whl", hash = "sha256:608bc822ee8e070927ab3519169b13a1a0fe88f3d562212d6b5dbb1039776360"},
    {file = "ecos-2.0.12-cp310-cp310-win_amd64.whl", hash = "sha256:5184a9d8521ad1af90ffcd9902a6fa75c7bc473f37d30d86f97beda1033dfca2"},
    {file = "ecos-2.0.12-cp311-cp311-macosx_10_9_x86_64.whl", hash = "sha256:eba07599084724eedc20b2862d5580eebebb09609f4740baadc78401cb99827c"},
    {file = "ecos-2.0.12-cp311-cp311-manylinux_2_17_x86_64.manylinux2014_x86_64.whl", hash = "sha256:4979dc2d1cb6667e371a45a61887068505c1305437eef104ed6ef16f4b6aa0e3"},
    {file = "ecos-2.0.12-cp311-cp311-win_amd64.whl", hash = "sha256:da8fbbca3feb83a9e27075d29b3765417d0c80af8ea83cbdc4a558cae7b564af"},
    {file = "ecos-2.0.12-cp37-cp37m-macosx_10_9_x86_64.whl", hash = "sha256:f70e4547966f530fd7715756f7a65d5b9b90b312b9d37f243ef9356c05e7d74c"},
    {file = "ecos-2.0.12-cp37-cp37m-manylinux_2_17_x86_64.manylinux2014_x86_64.whl", hash = "sha256:617be25d74222849622b0f82b94a11abcf1fae78ccaf69977b328321ee6ffa0b"},
    {file = "ecos-2.0.12-cp37-cp37m-win_amd64.whl", hash = "sha256:29d00164eaea66ed54697a3b361c575284a8bca54f2623381a0635806c7303a7"},
    {file = "ecos-2.0.12-cp38-cp38-macosx_10_9_x86_64.whl", hash = "sha256:4e86671397d1d2cd7cccff8a9c45be0541b0c60af8b92a0ff3581c9ed869db67"},
    {file = "ecos-2.0.12-cp38-cp38-manylinux_2_17_x86_64.manylinux2014_x86_64.whl", hash = "sha256:858a4dd3177bdc8cc6e362031732f5177b62138a1e4ef91c0dc3c6bd7d2d1248"},
    {file = "ecos-2.0.12-cp38-cp38-win_amd64.whl", hash = "sha256:528b02f53835bd1baeb2e23f8153b8d6cc2b3704e1768be6a1a972f542241670"},
    {file = "ecos-2.0.12-cp39-cp39-macosx_10_9_x86_64.whl", hash = "sha256:3e42bd4c19af6e04f76ccc85d941b1f1adc7faeee4d06d482395a6beb7bec895"},
    {file = "ecos-2.0.12-cp39-cp39-manylinux_2_17_x86_64.manylinux2014_x86_64.whl", hash = "sha256:6def54336a15b5a49bc3bfcaa36035e8557cae8a4853b17ca84f5a29c93bcaea"},
    {file = "ecos-2.0.12-cp39-cp39-win_amd64.whl", hash = "sha256:7af08941552fce108bd80145cdb6be7fa74477a20bacdac170800442cc7027d4"},
    {file = "ecos-2.0.12.tar.gz", hash = "sha256:f48816d73b87ae325556ea537b7c8743187311403c80e3832035224156337c4e"},
]

[package.dependencies]
numpy = ">=1.6"
scipy = ">=0.9"

[[package]]
name = "numpy"
version = "1.24.4"
description = "Fundamental package for array computing in Python"
optional = false
python-versions = ">=3.8"
files = [
    {file = "numpy-1.24.4-cp310-cp310-macosx_10_9_x86_64.whl", hash = "sha256:c0bfb52d2169d58c1cdb8cc1f16989101639b34c7d3ce60ed70b19c63eba0b64"},
    {file = "numpy-1.24.4-cp310-cp310-macosx_11_0_arm64.whl", hash = "sha256:ed094d4f0c177b1b8e7aa9cba7d6ceed51c0e569a5318ac0ca9a090680a6a1b1"},
    {file = "numpy-1.24.4-cp310-cp310-manylinux_2_17_aarch64.manylinux2014_aarch64.whl", hash = "sha256:79fc682a374c4a8ed08b331bef9c5f582585d1048fa6d80bc6c35bc384eee9b4"},
    {file = "numpy-1.24.4-cp310-cp310-manylinux_2_17_x86_64.manylinux2014_x86_64.whl", hash = "sha256:7ffe43c74893dbf38c2b0a1f5428760a1a9c98285553c89e12d70a96a7f3a4d6"},
    {file = "numpy-1.24.4-cp310-cp310-win32.whl", hash = "sha256:4c21decb6ea94057331e111a5bed9a79d335658c27ce2adb580fb4d54f2ad9bc"},
    {file = "numpy-1.24.4-cp310-cp310-win_amd64.whl", hash = "sha256:b4bea75e47d9586d31e892a7401f76e909712a0fd510f58f5337bea9572c571e"},
    {file = "numpy-1.24.4-cp311-cp311-macosx_10_9_x86_64.whl", hash = "sha256:f136bab9c2cfd8da131132c2cf6cc27331dd6fae65f95f69dcd4ae3c3639c810"},
    {file = "numpy-1.24.4-cp311-cp311-macosx_11_0_arm64.whl", hash = "sha256:e2926dac25b313635e4d6cf4dc4e51c8c0ebfed60b801c799ffc4c32bf3d1254"},
    {file = "numpy-1.24.4-cp311-cp311-manylinux_2_17_aarch64.manylinux2014_aarch64.whl", hash = "sha256:222e40d0e2548690405b0b3c7b21d1169117391c2e82c378467ef9ab4c8f0da7"},
    {file = "numpy-1.24.4-cp311-cp311-manylinux_2_17_x86_64.manylinux2014_x86_64.whl", hash = "sha256:7215847ce88a85ce39baf9e89070cb860c98fdddacbaa6c0da3ffb31b3350bd5"},
    {file = "numpy-1.24.4-cp311-cp311-win32.whl", hash = "sha256:4979217d7de511a8d57f4b4b5b2b965f707768440c17cb70fbf254c4b225238d"},
    {file = "numpy-1.24.4-cp311-cp311-win_amd64.whl", hash = "sha256:b7b1fc9864d7d39e28f41d089bfd6353cb5f27ecd9905348c24187a768c79694"},
    {file = "numpy-1.24.4-cp38-cp38-macosx_10_9_x86_64.whl", hash = "sha256:1452241c290f3e2a312c137a9999cdbf63f78864d63c79039bda65ee86943f61"},
    {file = "numpy-1.24.4-cp38-cp38-macosx_11_0_arm64.whl", hash = "sha256:04640dab83f7c6c85abf9cd729c5b65f1ebd0ccf9de90b270cd61935eef0197f"},
    {file = "numpy-1.24.4-cp38-cp38-manylinux_2_17_aarch64.manylinux2014_aarch64.whl", hash = "sha256:a5425b114831d1e77e4b5d812b69d11d962e104095a5b9c3b641a218abcc050e"},
    {file = "numpy-1.24.4-cp38-cp38-manylinux_2_17_x86_64.manylinux2014_x86_64.whl", hash = "sha256:dd80e219fd4c71fc3699fc1dadac5dcf4fd882bfc6f7ec53d30fa197b8ee22dc"},
    {file = "numpy-1.24.4-cp38-cp38-win32.whl", hash = "sha256:4602244f345453db537be5314d3983dbf5834a9701b7723ec28923e2889e0bb2"},
    {file = "numpy-1.24.4-cp38-cp38-win_amd64.whl", hash = "sha256:692f2e0f55794943c5bfff12b3f56f99af76f902fc47487bdfe97856de51a706"},
    {file = "numpy-1.24.4-cp39-cp39-macosx_10_9_x86_64.whl", hash = "sha256:2541312fbf09977f3b3ad449c4e5f4bb55d0dbf79226d7724211acc905049400"},
    {file = "numpy-1.24.4-cp39-cp39-macosx_11_0_arm64.whl", hash = "sha256:9667575fb6d13c95f1b36aca12c5ee3356bf001b714fc354eb5465ce1609e62f"},
    {file = "numpy-1.24.4-cp39-cp39-manylinux_2_17_aarch64.manylinux2014_aarch64.whl", hash = "sha256:f3a86ed21e4f87050382c7bc96571755193c4c1392490744ac73d660e8f564a9"},
    {file = "numpy-1.24.4-cp39-cp39-manylinux_2_17_x86_64.manylinux2014_x86_64.whl", hash = "sha256:d11efb4dbecbdf22508d55e48d9c8384db795e1b7b51ea735289ff96613ff74d"},
    {file = "numpy-1.24.4-cp39-cp39-win32.whl", hash = "sha256:6620c0acd41dbcb368610bb2f4d83145674040025e5536954782467100aa8835"},
    {file = "numpy-1.24.4-cp39-cp39-win_amd64.whl", hash = "sha256:befe2bf740fd8373cf56149a5c23a0f601e82869598d41f8e188a0e9869926f8"},
    {file = "numpy-1.24.4-pp38-pypy38_pp73-macosx_10_9_x86_64.whl", hash = "sha256:31f13e25b4e304632a4619d0e0777662c2ffea99fcae2029556b17d8ff958aef"},
    {file = "numpy-1.24.4-pp38-pypy38_pp73-manylinux_2_17_x86_64.manylinux2014_x86_64.whl", hash = "sha256:95f7ac6540e95bc440ad77f56e520da5bf877f87dca58bd095288dce8940532a"},
    {file = "numpy-1.24.4-pp38-pypy38_pp73-win_amd64.whl", hash = "sha256:e98f220aa76ca2a977fe435f5b04d7b3470c0a2e6312907b37ba6068f26787f2"},
    {file = "numpy-1.24.4.tar.gz", hash = "sha256:80f5e3a4e498641401868df4208b74581206afbee7cf7b8329daae82676d9463"},
]

[[package]]
name = "osqp"
version = "0.6.3"
description = "OSQP: The Operator Splitting QP Solver"
optional = false
python-versions = "*"
files = [
    {file = "osqp-0.6.3-cp310-cp310-macosx_10_9_x86_64.whl", hash = "sha256:e6b7d923c836f1d07115057e595245ccc1694ecae730a1affda78fc6f3c8d239"},
    {file = "osqp-0.6.3-cp310-cp310-manylinux_2_17_aarch64.manylinux2014_aarch64.whl", hash = "sha256:e1dfda08c38c3521012740a73ef782f97dfc54a41deae4b0bc4afd18d0e74da0"},
    {file = "osqp-0.6.3-cp310-cp310-manylinux_2_5_x86_64.manylinux1_x86_64.manylinux_2_17_x86_64.manylinux2014_x86_64.whl", hash = "sha256:7eafa3f3e82dd36c52f3f4ef19a95142405c807c272c4b53c5971c53535d7804"},
    {file = "osqp-0.6.3-cp310-cp310-win_amd64.whl", hash = "sha256:3cbb6efdaffb7387dc0037dfe3259d4803e5ad7217e6f20fb605c92953214b9d"},
    {file = "osqp-0.6.3-cp311-cp311-macosx_10_9_x86_64.whl", hash = "sha256:1b2049b2c42565dcaa63ddca1c4028b1fb20aab141453f5d77e8ff5b1a99a2cf"},
    {file = "osqp-0.6.3-cp311-cp311-manylinux_2_17_aarch64.manylinux2014_aarch64.whl", hash = "sha256:146b89f2cfbf59eaeb2c47e3a312f2034138df78d80ce052364810dc0ef70fc4"},
    {file = "osqp-0.6.3-cp311-cp311-manylinux_2_5_x86_64.manylinux1_x86_64.manylinux_2_17_x86_64.manylinux2014_x86_64.whl", hash = "sha256:0084e3d733c75687d68bc133bc380ce471dfe6f7724af2718a43491782eec8d6"},
    {file = "osqp-0.6.3-cp311-cp311-win_amd64.whl", hash = "sha256:1b573fe1cd0e82239a279c58817c1d365187ef862e928b2b9c828c3c516ad3c2"},
    {file = "osqp-0.6.3-cp36-cp36m-macosx_10_9_x86_64.whl", hash = "sha256:6c3951ef505177b858c6cd34de980346014cae3d2234c93db960b12c5885f9a2"},
    {file = "osqp-0.6.3-cp36-cp36m-manylinux_2_17_aarch64.manylinux2014_aarch64.whl", hash = "sha256:dc18f87c9549032c163ce590a5e32079df94ee656c8fb357ba607aa9d78fab81"},
    {file = "osqp-0.6.3-cp36-cp36m-manylinux_2_5_x86_64.manylinux1_x86_64.manylinux_2_17_x86_64.manylinux2014_x86_64.whl", hash = "sha256:c07b1a4b538aab629b0fae69f644b7e76f81f94d65230014d482e296dacd046b"},
    {file = "osqp-0.6.3-cp36-cp36m-win_amd64.whl", hash = "sha256:60abec3593870990b16f00bd5017096a7091fb00b68d0db3383fc048ca8e55c9"},
    {file = "osqp-0.6.3-cp37-cp37m-macosx_10_9_x86_64.whl", hash = "sha256:b73bdd9589901841af83c5ed6a4092b4fac5a0beff9e32682d8526d1f16a728c"},
    {file = "osqp-0.6.3-cp37-cp37m-manylinux_2_17_aarch64.manylinux2014_aarch64.whl", hash = "sha256:71d9f611823af4a8b241c86805920e5382cd65c7f94fd3615b4eef999ed94c7c"},
    {file = "osqp-0.6.3-cp37-cp37m-manylinux_2_5_x86_64.manylinux1_x86_64.manylinux_2_17_x86_64.manylinux2014_x86_64.whl", hash = "sha256:30fbc3b3c028c06a6c5f1e66be7b7106ad48a29e0dc5bd82393f82dd68235ef8"},
    {file = "osqp-0.6.3-cp37-cp37m-win_amd64.whl", hash = "sha256:fe57e4bde071b388518ecb068f26319506dd9cb107363d3d80c12d2e59fc1e81"},
    {file = "osqp-0.6.3-cp38-cp38-macosx_10_9_x86_64.whl", hash = "sha256:41f304d1d7f91af07d8f0b01e5af29ec3bb8824f0102c7fd8b13b497be120da4"},
    {file = "osqp-0.6.3-cp38-cp38-manylinux_2_17_aarch64.manylinux2014_aarch64.whl", hash = "sha256:ea7d8c92bcdf4fef98d777f13d39060d425ef2e8778ed487c96a6fa10848cdea"},
    {file = "osqp-0.6.3-cp38-cp38-manylinux_2_5_x86_64.manylinux1_x86_64.manylinux_2_17_x86_64.manylinux2014_x86_64.whl", hash = "sha256:3f3a3c6d2708868e5e3fe2da300d6523cbf68a3d8734ce9c5043db37391969f5"},
    {file = "osqp-0.6.3-cp38-cp38-win_amd64.whl", hash = "sha256:1c548a0b3691850e7e22f3624a128d8af33416d70a9b5976a47d4d832028dcd8"},
    {file = "osqp-0.6.3-cp39-cp39-macosx_10_9_x86_64.whl", hash = "sha256:387e7abd737dfe32c9ec00ad74af25328cdd0d0f634d79530655c040a5cb9590"},
    {file = "osqp-0.6.3-cp39-cp39-manylinux_2_17_aarch64.manylinux2014_aarch64.whl", hash = "sha256:e1445e10a94e01698e13c87a7debf6ac1a15f3acd1f8f6340cb1ad945db4732b"},
    {file = "osqp-0.6.3-cp39-cp39-manylinux_2_5_x86_64.manylinux1_x86_64.manylinux_2_17_x86_64.manylinux2014_x86_64.whl", hash = "sha256:0441c10f7fe5f46692a9b44a57138977bb112ae3f8127151671968c5d9ec5dbb"},
    {file = "osqp-0.6.3-cp39-cp39-win_amd64.whl", hash = "sha256:b15e65a307fbbabf60248bb9bc204e61d5d4ae64e00427a69e2dad9622f4c29d"},
    {file = "osqp-0.6.3.tar.gz", hash = "sha256:03e460e683ec2ce0f839353ddfa3c4c8ffa509ab8cf6a2b2afbb586fa453e180"},
]

[package.dependencies]
numpy = ">=1.7"
qdldl = "*"
scipy = ">=0.13.2"

[[package]]
name = "qdldl"
version = "0.1.7.post0"
description = "QDLDL, a free LDL factorization routine."
optional = false
python-versions = "*"
files = [
    {file = "qdldl-0.1.7.post0-cp310-cp310-macosx_10_9_x86_64.whl", hash = "sha256:8ab02e8b9ff86bd644a1935718387c82fbe04c31e3309cf9f7a121d02b1deda8"},
    {file = "qdldl-0.1.7.post0-cp310-cp310-manylinux_2_17_x86_64.manylinux2014_x86_64.whl", hash = "sha256:40e5d6753310377451ed4dc09b1ef28faf40108b713e7f55c8a8ae94d679a672"},
    {file = "qdldl-0.1.7.post0-cp310-cp310-win_amd64.whl", hash = "sha256:718d8e141832e96ba71ca1807a74813836c6403110faaa3d33a67de1af3b29c4"},
    {file = "qdldl-0.1.7.post0-cp311-cp311-macosx_10_9_x86_64.whl", hash = "sha256:0e3f06e8a49ddd834b24fc3d7afbba4fec0923101045aa2666e18d2a9980e329"},
    {file = "qdldl-0.1.7.post0-cp311-cp311-manylinux_2_17_x86_64.manylinux2014_x86_64.whl", hash = "sha256:3a81c46522dd6b3042e2348fa98128bb5c0e466f42bce214e80cfb766ff40930"},
    {file = "qdldl-0.1.7.post0-cp311-cp311-win_amd64.whl", hash = "sha256:4a86155f3de66c5db0e21544b7a2421c671028fa20da407686d2a8d0e9b57e51"},
    {file = "qdldl-0.1.7.post0-cp36-cp36m-macosx_10_9_x86_64.whl", hash = "sha256:717cb1892b033c01a0aae84ededcfa1f05bcb97013095d779c497e6c32f90dac"},
    {file = "qdldl-0.1.7.post0-cp36-cp36m-manylinux_2_17_x86_64.manylinux2014_x86_64.whl", hash = "sha256:8fc35432913085d94b2327242cf51388467ef7a37ac0d71eb31b594b575dd498"},
    {file = "qdldl-0.1.7.post0-cp36-cp36m-win_amd64.whl", hash = "sha256:fd5cfd8c50f33ddacb830594a63b8c1093a24aea45312b9d2ed826cea5ece08a"},
    {file = "qdldl-0.1.7.post0-cp37-cp37m-macosx_10_9_x86_64.whl", hash = "sha256:981ca8672e9506976c663552c1eb6f6daf9726d62650b3bf5900260946156166"},
    {file = "qdldl-0.1.7.post0-cp37-cp37m-manylinux_2_17_x86_64.manylinux2014_x86_64.whl", hash = "sha256:b8ec670d97cf756f9159dc0a11de5cf054e88aefe84bea1c7282f00334642843"},
    {file = "qdldl-0.1.7.post0-cp37-cp37m-win_amd64.whl", hash = "sha256:aa208703b44337a7e77f6f2663f7a452144becb4421970d534ff8297b92e1e10"},
    {file = "qdldl-0.1.7.post0-cp38-cp38-macosx_10_9_x86_64.whl", hash = "sha256:b42649484f7c0d8ee659224ecaac0a3e97f12531018207f4d7323e4071320eb1"},
    {file = "qdldl-0.1.7.post0-cp38-cp38-manylinux_2_17_x86_64.manylinux2014_x86_64.whl", hash = "sha256:26aa3d6f0da7779265d72e8f418094003e75fa53c515a53bc03fd8b9bcfbf7de"},
    {file = "qdldl-0.1.7.post0-cp38-cp38-win_amd64.whl", hash = "sha256:e55bcd6962178029faf543addd49db145302dd51e19855fefa71b5fd55840eea"},
    {file = "qdldl-0.1.7.post0-cp39-cp39-macosx_10_9_x86_64.whl", hash = "sha256:c1dd0e570e65aaf35e10b7fb345f7ac763fd05a2227b9c06ce65e07993fc4984"},
    {file = "qdldl-0.1.7.post0-cp39-cp39-manylinux_2_17_x86_64.manylinux2014_x86_64.whl", hash = "sha256:ae161342529852b6248ace4642bc4ee371a7c1e0707b7bc43a43ef7e73c06ca3"},
    {file = "qdldl-0.1.7.post0-cp39-cp39-win_amd64.whl", hash = "sha256:092f6606690a2b9bd3c939f3147887e02de13bb068fbed5ffdc7459034def623"},
    {file = "qdldl-0.1.7.post0.tar.gz", hash = "sha256:f346a114c8342ee6d4dbd6471eef314199fb268d3bf7b95885ca351fde2b023f"},
]

[package.dependencies]
numpy = ">=1.7"
scipy = ">=0.13.2"

[[package]]
name = "qpsolvers"
version = "4.0.0"
description = "Quadratic programming solvers in Python with a unified API."
optional = false
python-versions = ">=3.7"
files = [
    {file = "qpsolvers-4.0.0-py3-none-any.whl", hash = "sha256:cd8a5a1759ffe906198ccd8e5cdd83665cfe066edb401377d412cc508294c7f5"},
    {file = "qpsolvers-4.0.0.tar.gz", hash = "sha256:74db67f94011f7d1750b11387cd7c7c54c82fd768020d50551c98160f0c92c56"},
]

[package.dependencies]
daqp = ">=0.5.1"
ecos = ">=2.0.8"
numpy = ">=1.15.4"
osqp = ">=0.6.2"
scipy = ">=1.2.0"
scs = ">=3.2.0"

[package.extras]
open-source-solvers = ["clarabel (>=0.4.1)", "cvxopt (>=1.2.6)", "daqp (>=0.5.1)", "ecos (>=2.0.8)", "highspy (>=1.1.2.dev3)", "osqp (>=0.6.2)", "piqp (>=0.2.2)", "proxsuite (>=0.2.9)", "quadprog (>=0.1.11)", "scs (>=3.2.0)"]

[[package]]
name = "scipy"
version = "1.9.3"
description = "Fundamental algorithms for scientific computing in Python"
optional = false
python-versions = ">=3.8"
files = [
    {file = "scipy-1.9.3-cp310-cp310-macosx_10_9_x86_64.whl", hash = "sha256:1884b66a54887e21addf9c16fb588720a8309a57b2e258ae1c7986d4444d3bc0"},
    {file = "scipy-1.9.3-cp310-cp310-macosx_12_0_arm64.whl", hash = "sha256:83b89e9586c62e787f5012e8475fbb12185bafb996a03257e9675cd73d3736dd"},
    {file = "scipy-1.9.3-cp310-cp310-manylinux_2_17_aarch64.manylinux2014_aarch64.whl", hash = "sha256:1a72d885fa44247f92743fc20732ae55564ff2a519e8302fb7e18717c5355a8b"},
    {file = "scipy-1.9.3-cp310-cp310-manylinux_2_17_x86_64.manylinux2014_x86_64.whl", hash = "sha256:d01e1dd7b15bd2449c8bfc6b7cc67d630700ed655654f0dfcf121600bad205c9"},
    {file = "scipy-1.9.3-cp310-cp310-win_amd64.whl", hash = "sha256:68239b6aa6f9c593da8be1509a05cb7f9efe98b80f43a5861cd24c7557e98523"},
    {file = "scipy-1.9.3-cp311-cp311-macosx_10_9_x86_64.whl", hash = "sha256:b41bc822679ad1c9a5f023bc93f6d0543129ca0f37c1ce294dd9d386f0a21096"},
    {file = "scipy-1.9.3-cp311-cp311-macosx_12_0_arm64.whl", hash = "sha256:90453d2b93ea82a9f434e4e1cba043e779ff67b92f7a0e85d05d286a3625df3c"},
    {file = "scipy-1.9.3-cp311-cp311-manylinux_2_17_aarch64.manylinux2014_aarch64.whl", hash = "sha256:83c06e62a390a9167da60bedd4575a14c1f58ca9dfde59830fc42e5197283dab"},
    {file = "scipy-1.9.3-cp311-cp311-manylinux_2_17_x86_64.manylinux2014_x86_64.whl", hash = "sha256:abaf921531b5aeaafced90157db505e10345e45038c39e5d9b6c7922d68085cb"},
    {file = "scipy-1.9.3-cp311-cp311-win_amd64.whl", hash = "sha256:06d2e1b4c491dc7d8eacea139a1b0b295f74e1a1a0f704c375028f8320d16e31"},
    {file = "scipy-1.9.3-cp38-cp38-macosx_10_9_x86_64.whl", hash = "sha256:5a04cd7d0d3eff6ea4719371cbc44df31411862b9646db617c99718ff68d4840"},
    {file = "scipy-1.9.3-cp38-cp38-macosx_12_0_arm64.whl", hash = "sha256:545c83ffb518094d8c9d83cce216c0c32f8c04aaf28b92cc8283eda0685162d5"},
    {file = "scipy-1.9.3-cp38-cp38-manylinux_2_17_aarch64.manylinux2014_aarch64.whl", hash = "sha256:0d54222d7a3ba6022fdf5773931b5d7c56efe41ede7f7128c7b1637700409108"},
    {file = "scipy-1.9.3-cp38-cp38-manylinux_2_17_x86_64.manylinux2014_x86_64.whl", hash = "sha256:cff3a5295234037e39500d35316a4c5794739433528310e117b8a9a0c76d20fc"},
    {file = "scipy-1.9.3-cp38-cp38-win_amd64.whl", hash = "sha256:2318bef588acc7a574f5bfdff9c172d0b1bf2c8143d9582e05f878e580a3781e"},
    {file = "scipy-1.9.3-cp39-cp39-macosx_10_9_x86_64.whl", hash = "sha256:d644a64e174c16cb4b2e41dfea6af722053e83d066da7343f333a54dae9bc31c"},
    {file = "scipy-1.9.3-cp39-cp39-macosx_12_0_arm64.whl", hash = "sha256:da8245491d73ed0a994ed9c2e380fd058ce2fa8a18da204681f2fe1f57f98f95"},
    {file = "scipy-1.9.3-cp39-cp39-manylinux_2_17_aarch64.manylinux2014_aarch64.whl", hash = "sha256:4db5b30849606a95dcf519763dd3ab6fe9bd91df49eba517359e450a7d80ce2e"},
    {file = "scipy-1.9.3-cp39-cp39-manylinux_2_17_x86_64.manylinux2014_x86_64.whl", hash = "sha256:c68db6b290cbd4049012990d7fe71a2abd9ffbe82c0056ebe0f01df8be5436b0"},
    {file = "scipy-1.9.3-cp39-cp39-win_amd64.whl", hash = "sha256:5b88e6d91ad9d59478fafe92a7c757d00c59e3bdc3331be8ada76a4f8d683f58"},
    {file = "scipy-1.9.3.tar.gz", hash = "sha256:fbc5c05c85c1a02be77b1ff591087c83bc44579c6d2bd9fb798bb64ea5e1a027"},
]

[package.dependencies]
numpy = ">=1.18.5,<1.26.0"

[package.extras]
dev = ["flake8", "mypy", "pycodestyle", "typing_extensions"]
doc = ["matplotlib (>2)", "numpydoc", "pydata-sphinx-theme (==0.9.0)", "sphinx (!=4.1.0)", "sphinx-panels (>=0.5.2)", "sphinx-tabs"]
test = ["asv", "gmpy2", "mpmath", "pytest", "pytest-cov", "pytest-xdist", "scikit-umfpack", "threadpoolctl"]

[[package]]
name = "scs"
version = "3.2.3"
description = "scs: splitting conic solver"
optional = false
python-versions = "*"
files = [
    {file = "scs-3.2.3-cp310-cp310-macosx_10_9_x86_64.whl", hash = "sha256:9d7f7fd2d2cd88938c159b15e8915d9536610e50a9c34ecf36ce0290807afe55"},
    {file = "scs-3.2.3-cp310-cp310-manylinux_2_17_x86_64.manylinux2014_x86_64.whl", hash = "sha256:368194620918301bf5309a35a7cd0444f1b1992b182c0a29033c26eb97b3dcb2"},
    {file = "scs-3.2.3-cp310-cp310-win_amd64.whl", hash = "sha256:2d835a74c283be73bff6e1978d3ae77a60d9e87db1fdd12916464fa2a1dda517"},
    {file = "scs-3.2.3-cp311-cp311-macosx_10_9_x86_64.whl", hash = "sha256:81511fda3254c0d29089443dcd2305e81d203509e4d77afd160e9174b15ad75a"},
    {file = "scs-3.2.3-cp311-cp311-manylinux_2_17_x86_64.manylinux2014_x86_64.whl", hash = "sha256:715ca4532de39b462bd393f9e8b4bf57be4122e20f0780d00db3cab1450a585d"},
    {file = "scs-3.2.3-cp311-cp311-win_amd64.whl", hash = "sha256:fcf4b985a787135b3e83682a4c5b9bce9c6290cfead1d7225c38f34f5ead7187"},
    {file = "scs-3.2.3-cp37-cp37m-macosx_10_9_x86_64.whl", hash = "sha256:91f5194cfabe354c9b1f0ea1de82114028d81c5a4a633177b8da2fe36f301758"},
    {file = "scs-3.2.3-cp37-cp37m-manylinux_2_17_x86_64.manylinux2014_x86_64.whl", hash = "sha256:c0d15f21e9053c5df37dab0d700da55fcc71f2f454748f364b9de594988b2ab3"},
    {file = "scs-3.2.3-cp37-cp37m-win_amd64.whl", hash = "sha256:6a80727167ad73151ced202a1ac6c0c7644b00b2e2607edec8a8807fc0443ac8"},
    {file = "scs-3.2.3-cp38-cp38-macosx_10_9_x86_64.whl", hash = "sha256:79d7d6c42ee636821460d317b8250945ce04363a47a63aef6b1eae0bd7a418fc"},
    {file = "scs-3.2.3-cp38-cp38-manylinux_2_17_x86_64.manylinux2014_x86_64.whl", hash = "sha256:e6f64d23247797cfa289095fb5ddea6eeff5adf98961e953da90233278827e0c"},
    {file = "scs-3.2.3-cp38-cp38-win_amd64.whl", hash = "sha256:9a14a7c80efb34b469eb4dbaf26a9104dd2ca93e477985f948d8f28cd4b1a2ba"},
    {file = "scs-3.2.3-cp39-cp39-macosx_10_9_x86_64.whl", hash = "sha256:3eb601738b260e3dcad117f3e02aceaca5d1e8eac2be225be1c0f9cbf83e75cb"},
    {file = "scs-3.2.3-cp39-cp39-manylinux_2_17_x86_64.manylinux2014_x86_64.whl", hash = "sha256:f1b24176de97ecedf698596086f85da6dad472fe38a4b21cf4b460f87cae2c37"},
    {file = "scs-3.2.3-cp39-cp39-win_amd64.whl", hash = "sha256:ddaa5af34a0e1f636d312eb1901bd407383f0b04dda50fba7242d56e618c0966"},
    {file = "scs-3.2.3.tar.gz", hash = "sha256:e3bd779e7e977e3ae5a2f2035aa4c2a309e29082d59a722d5d6592edc4bdb4b3"},
]

[package.dependencies]
numpy = ">=1.7"
scipy = ">=0.13.2"

[metadata]
lock-version = "2.0"
python-versions = "^3.8"
content-hash = "e51f01f66b03640b6a9a1614a539ef01ed7736669790f954b47119ac2522478c"
